
Microsoft Visual Studio Solution File, Format Version 12.00
# Visual Studio 2013
VisualStudioVersion = 12.0.30723.0
MinimumVisualStudioVersion = 10.0.40219.1
Project("{FAE04EC0-301F-11D3-BF4B-00C04F79EFBC}") = "Localization", "Localization\Localization.csproj", "{B98DB448-CDE6-471D-9099-F4F93FB40674}"
EndProject
Project("{2150E333-8FDC-42A3-9474-1A3956D46DE8}") = ".nuget", ".nuget", "{2D63C478-4D6D-4090-96D9-FFED8D9F0331}"
	ProjectSection(SolutionItems) = preProject
		.nuget\NuGet.Config = .nuget\NuGet.Config
		.nuget\NuGet.exe = .nuget\NuGet.exe
		.nuget\NuGet.targets = .nuget\NuGet.targets
	EndProjectSection
EndProject
Project("{FAE04EC0-301F-11D3-BF4B-00C04F79EFBC}") = "Demo", "Demo\Demo.csproj", "{BB65B63F-9268-4752-84D0-F300DB81305B}"
EndProject
Project("{FAE04EC0-301F-11D3-BF4B-00C04F79EFBC}") = "Demo.Resources", "Demo.Resources\Demo.Resources.csproj", "{BE265B4B-9EA5-49BF-9FFD-00F59DED094B}"
EndProject
Project("{2150E333-8FDC-42A3-9474-1A3956D46DE8}") = "Solution Items", "Solution Items", "{461F899E-0A18-42A5-8504-10F56CB4A577}"
	ProjectSection(SolutionItems) = preProject
		LICENSE = LICENSE
		README.md = README.md
	EndProjectSection
EndProject
Global
	GlobalSection(SolutionConfigurationPlatforms) = preSolution
		Checked|Any CPU = Checked|Any CPU
		Debug|Any CPU = Debug|Any CPU
		Release|Any CPU = Release|Any CPU
	EndGlobalSection
	GlobalSection(ProjectConfigurationPlatforms) = postSolution
		{B98DB448-CDE6-471D-9099-F4F93FB40674}.Checked|Any CPU.ActiveCfg = Checked|Any CPU
		{B98DB448-CDE6-471D-9099-F4F93FB40674}.Checked|Any CPU.Build.0 = Checked|Any CPU
		{B98DB448-CDE6-471D-9099-F4F93FB40674}.Debug|Any CPU.ActiveCfg = Debug|Any CPU
		{B98DB448-CDE6-471D-9099-F4F93FB40674}.Debug|Any CPU.Build.0 = Debug|Any CPU
		{B98DB448-CDE6-471D-9099-F4F93FB40674}.Release|Any CPU.ActiveCfg = Release|Any CPU
		{B98DB448-CDE6-471D-9099-F4F93FB40674}.Release|Any CPU.Build.0 = Release|Any CPU
		{BB65B63F-9268-4752-84D0-F300DB81305B}.Checked|Any CPU.ActiveCfg = Release|Any CPU
		{BB65B63F-9268-4752-84D0-F300DB81305B}.Checked|Any CPU.Build.0 = Release|Any CPU
		{BB65B63F-9268-4752-84D0-F300DB81305B}.Debug|Any CPU.ActiveCfg = Debug|Any CPU
		{BB65B63F-9268-4752-84D0-F300DB81305B}.Debug|Any CPU.Build.0 = Debug|Any CPU
		{BB65B63F-9268-4752-84D0-F300DB81305B}.Release|Any CPU.ActiveCfg = Release|Any CPU
		{BB65B63F-9268-4752-84D0-F300DB81305B}.Release|Any CPU.Build.0 = Release|Any CPU
		{BE265B4B-9EA5-49BF-9FFD-00F59DED094B}.Checked|Any CPU.ActiveCfg = Release|Any CPU
		{BE265B4B-9EA5-49BF-9FFD-00F59DED094B}.Checked|Any CPU.Build.0 = Release|Any CPU
		{BE265B4B-9EA5-49BF-9FFD-00F59DED094B}.Debug|Any CPU.ActiveCfg = Debug|Any CPU
		{BE265B4B-9EA5-49BF-9FFD-00F59DED094B}.Debug|Any CPU.Build.0 = Debug|Any CPU
		{BE265B4B-9EA5-49BF-9FFD-00F59DED094B}.Release|Any CPU.ActiveCfg = Release|Any CPU
		{BE265B4B-9EA5-49BF-9FFD-00F59DED094B}.Release|Any CPU.Build.0 = Release|Any CPU
	EndGlobalSection
	GlobalSection(SolutionProperties) = preSolution
		HideSolutionNode = FALSE
	EndGlobalSection
EndGlobal
